// !$*UTF8*$!
{
	archiveVersion = 1;
	classes = {
	};
	objectVersion = 46;
	objects = {

/* Begin PBXBuildFile section */
		7F8F06BF1EB14A3E00CE47D2 /* libz.1.dylib in Frameworks */ = {isa = PBXBuildFile; fileRef = B1F33FCF1E78DDF300A017B5 /* libz.1.dylib */; };
		7F8F06C01EB14A4200CE47D2 /* libcurl.4.dylib in Frameworks */ = {isa = PBXBuildFile; fileRef = B1F33FCD1E78DD4A00A017B5 /* libcurl.4.dylib */; };
		7FA6B0491EB17B5700BD56CE /* libzip.a in Frameworks */ = {isa = PBXBuildFile; fileRef = FE96922B1E938B6400E993B0 /* libzip.a */; };
		7FA6B04B1EB17BF800BD56CE /* IOKit.framework in Frameworks */ = {isa = PBXBuildFile; fileRef = 7FA6B04A1EB17BF800BD56CE /* IOKit.framework */; };
		7FA6B04D1EB17C5200BD56CE /* CoreFoundation.framework in Frameworks */ = {isa = PBXBuildFile; fileRef = 7FA6B04C1EB17C5200BD56CE /* CoreFoundation.framework */; };
		7FA6B0501EB17DEC00BD56CE /* partial.c in Sources */ = {isa = PBXBuildFile; fileRef = 7FA6B04E1EB17DEC00BD56CE /* partial.c */; };
		7FA6B0511EB17DEC00BD56CE /* pzip.c in Sources */ = {isa = PBXBuildFile; fileRef = 7FA6B04F1EB17DEC00BD56CE /* pzip.c */; };
		B1F33F951E78D38B00A017B5 /* asr.c in Sources */ = {isa = PBXBuildFile; fileRef = B1F33F561E78D38B00A017B5 /* asr.c */; };
		B1F33F961E78D38B00A017B5 /* common.c in Sources */ = {isa = PBXBuildFile; fileRef = B1F33F581E78D38B00A017B5 /* common.c */; };
		B1F33F971E78D38B00A017B5 /* dfu.c in Sources */ = {isa = PBXBuildFile; fileRef = B1F33F5A1E78D38B00A017B5 /* dfu.c */; };
		B1F33F981E78D38B00A017B5 /* download.c in Sources */ = {isa = PBXBuildFile; fileRef = B1F33F5C1E78D38B00A017B5 /* download.c */; };
		B1F33F991E78D38B00A017B5 /* fdr.c in Sources */ = {isa = PBXBuildFile; fileRef = B1F33F5F1E78D38B00A017B5 /* fdr.c */; };
		B1F33F9A1E78D38B00A017B5 /* fls.c in Sources */ = {isa = PBXBuildFile; fileRef = B1F33F611E78D38B00A017B5 /* fls.c */; };
		B1F33FAE1E78D38B00A017B5 /* idevicerestore.c in Sources */ = {isa = PBXBuildFile; fileRef = B1F33F771E78D38B00A017B5 /* idevicerestore.c */; };
		B1F33FAF1E78D38B00A017B5 /* img3.c in Sources */ = {isa = PBXBuildFile; fileRef = B1F33F791E78D38B00A017B5 /* img3.c */; };
		B1F33FB01E78D38B00A017B5 /* img4.c in Sources */ = {isa = PBXBuildFile; fileRef = B1F33F7B1E78D38B00A017B5 /* img4.c */; };
		B1F33FB11E78D38B00A017B5 /* ipsw.c in Sources */ = {isa = PBXBuildFile; fileRef = B1F33F7D1E78D38B00A017B5 /* ipsw.c */; };
		B1F33FB21E78D38B00A017B5 /* limera1n.c in Sources */ = {isa = PBXBuildFile; fileRef = B1F33F801E78D38B00A017B5 /* limera1n.c */; };
		B1F33FB31E78D38B00A017B5 /* locking.c in Sources */ = {isa = PBXBuildFile; fileRef = B1F33F821E78D38B00A017B5 /* locking.c */; };
		B1F33FB51E78D38B00A017B5 /* mbn.c in Sources */ = {isa = PBXBuildFile; fileRef = B1F33F871E78D38B00A017B5 /* mbn.c */; };
		B1F33FB61E78D38B00A017B5 /* normal.c in Sources */ = {isa = PBXBuildFile; fileRef = B1F33F891E78D38B00A017B5 /* normal.c */; };
		B1F33FB71E78D38B00A017B5 /* recovery.c in Sources */ = {isa = PBXBuildFile; fileRef = B1F33F8B1E78D38B00A017B5 /* recovery.c */; };
		B1F33FB81E78D38B00A017B5 /* restore.c in Sources */ = {isa = PBXBuildFile; fileRef = B1F33F8D1E78D38B00A017B5 /* restore.c */; };
		B1F33FB91E78D38B00A017B5 /* socket.c in Sources */ = {isa = PBXBuildFile; fileRef = B1F33F8F1E78D38B00A017B5 /* socket.c */; };
		B1F33FBA1E78D38B00A017B5 /* thread.c in Sources */ = {isa = PBXBuildFile; fileRef = B1F33F911E78D38B00A017B5 /* thread.c */; };
		B1F33FBB1E78D38B00A017B5 /* tss.c in Sources */ = {isa = PBXBuildFile; fileRef = B1F33F931E78D38B00A017B5 /* tss.c */; };
		FE593E321E93A45700121BD6 /* libimobiledevice.a in Frameworks */ = {isa = PBXBuildFile; fileRef = FE9692271E938B6400E993B0 /* libimobiledevice.a */; };
		FE593E331E93A45700121BD6 /* libirecovery.a in Frameworks */ = {isa = PBXBuildFile; fileRef = FE9692281E938B6400E993B0 /* libirecovery.a */; };
		FE593E341E93A45700121BD6 /* libplist.a in Frameworks */ = {isa = PBXBuildFile; fileRef = FE9692291E938B6400E993B0 /* libplist.a */; };
		FE593E361E93A45700121BD6 /* libusbmuxd.a in Frameworks */ = {isa = PBXBuildFile; fileRef = FE96922A1E938B6400E993B0 /* libusbmuxd.a */; };
		FE593E3C1E93AA4D00121BD6 /* libcrypto.a in Frameworks */ = {isa = PBXBuildFile; fileRef = FE593E3A1E93AA4D00121BD6 /* libcrypto.a */; };
		FE593E3D1E93AA4D00121BD6 /* libssl.a in Frameworks */ = {isa = PBXBuildFile; fileRef = FE593E3B1E93AA4D00121BD6 /* libssl.a */; };
/* End PBXBuildFile section */

/* Begin PBXCopyFilesBuildPhase section */
		B1F33F471E78C93900A017B5 /* CopyFiles */ = {
			isa = PBXCopyFilesBuildPhase;
			buildActionMask = 2147483647;
			dstPath = /usr/share/man/man1/;
			dstSubfolderSpec = 0;
			files = (
			);
			runOnlyForDeploymentPostprocessing = 1;
		};
/* End PBXCopyFilesBuildPhase section */

/* Begin PBXFileReference section */
		7F88E7D61EAE693A00C4AA52 /* zip.h */ = {isa = PBXFileReference; lastKnownFileType = sourcecode.c.h; path = zip.h; sourceTree = "<group>"; };
		7F88E7D71EAE693A00C4AA52 /* zipconf.h */ = {isa = PBXFileReference; lastKnownFileType = sourcecode.c.h; path = zipconf.h; sourceTree = "<group>"; };
		7FA6B04A1EB17BF800BD56CE /* IOKit.framework */ = {isa = PBXFileReference; lastKnownFileType = wrapper.framework; name = IOKit.framework; path = ../../../../System/Library/Frameworks/IOKit.framework; sourceTree = "<group>"; };
		7FA6B04C1EB17C5200BD56CE /* CoreFoundation.framework */ = {isa = PBXFileReference; lastKnownFileType = wrapper.framework; name = CoreFoundation.framework; path = ../../../../System/Library/Frameworks/CoreFoundation.framework; sourceTree = "<group>"; };
		7FA6B04E1EB17DEC00BD56CE /* partial.c */ = {isa = PBXFileReference; fileEncoding = 4; lastKnownFileType = sourcecode.c.c; path = partial.c; sourceTree = "<group>"; };
		7FA6B04F1EB17DEC00BD56CE /* pzip.c */ = {isa = PBXFileReference; fileEncoding = 4; lastKnownFileType = sourcecode.c.c; path = pzip.c; sourceTree = "<group>"; };
		7FA6B0521EB17E6B00BD56CE /* pzip.h */ = {isa = PBXFileReference; lastKnownFileType = sourcecode.c.h; path = pzip.h; sourceTree = "<group>"; };
		7FE92FD91EB1714E00032202 /* libusbmuxd.dylib */ = {isa = PBXFileReference; lastKnownFileType = "compiled.mach-o.dylib"; name = libusbmuxd.dylib; path = ../../../../usr/local/lib/libusbmuxd.dylib; sourceTree = "<group>"; };
		7FE92FDA1EB1718900032202 /* libplist.dylib */ = {isa = PBXFileReference; lastKnownFileType = "compiled.mach-o.dylib"; name = libplist.dylib; path = ../../../../usr/local/lib/libplist.dylib; sourceTree = "<group>"; };
		7FE92FDB1EB171C800032202 /* libimobiledevice.dylib */ = {isa = PBXFileReference; lastKnownFileType = "compiled.mach-o.dylib"; name = libimobiledevice.dylib; path = ../../../../usr/local/lib/libimobiledevice.dylib; sourceTree = "<group>"; };
		7FE92FDC1EB1722300032202 /* libirecovery.dylib */ = {isa = PBXFileReference; lastKnownFileType = "compiled.mach-o.dylib"; name = libirecovery.dylib; path = ../../../../usr/local/lib/libirecovery.dylib; sourceTree = "<group>"; };
		B1F33F491E78C93900A017B5 /* idevicererestore */ = {isa = PBXFileReference; explicitFileType = "compiled.mach-o.executable"; includeInIndex = 0; path = idevicererestore; sourceTree = BUILT_PRODUCTS_DIR; };
		B1F33F561E78D38B00A017B5 /* asr.c */ = {isa = PBXFileReference; fileEncoding = 4; lastKnownFileType = sourcecode.c.c; path = asr.c; sourceTree = "<group>"; };
		B1F33F571E78D38B00A017B5 /* asr.h */ = {isa = PBXFileReference; fileEncoding = 4; lastKnownFileType = sourcecode.c.h; path = asr.h; sourceTree = "<group>"; };
		B1F33F581E78D38B00A017B5 /* common.c */ = {isa = PBXFileReference; fileEncoding = 4; lastKnownFileType = sourcecode.c.c; path = common.c; sourceTree = "<group>"; };
		B1F33F591E78D38B00A017B5 /* common.h */ = {isa = PBXFileReference; fileEncoding = 4; lastKnownFileType = sourcecode.c.h; path = common.h; sourceTree = "<group>"; };
		B1F33F5A1E78D38B00A017B5 /* dfu.c */ = {isa = PBXFileReference; fileEncoding = 4; lastKnownFileType = sourcecode.c.c; path = dfu.c; sourceTree = "<group>"; };
		B1F33F5B1E78D38B00A017B5 /* dfu.h */ = {isa = PBXFileReference; fileEncoding = 4; lastKnownFileType = sourcecode.c.h; path = dfu.h; sourceTree = "<group>"; };
		B1F33F5C1E78D38B00A017B5 /* download.c */ = {isa = PBXFileReference; fileEncoding = 4; lastKnownFileType = sourcecode.c.c; path = download.c; sourceTree = "<group>"; };
		B1F33F5D1E78D38B00A017B5 /* download.h */ = {isa = PBXFileReference; fileEncoding = 4; lastKnownFileType = sourcecode.c.h; path = download.h; sourceTree = "<group>"; };
		B1F33F5E1E78D38B00A017B5 /* endianness.h */ = {isa = PBXFileReference; fileEncoding = 4; lastKnownFileType = sourcecode.c.h; path = endianness.h; sourceTree = "<group>"; };
		B1F33F5F1E78D38B00A017B5 /* fdr.c */ = {isa = PBXFileReference; fileEncoding = 4; lastKnownFileType = sourcecode.c.c; path = fdr.c; sourceTree = "<group>"; };
		B1F33F601E78D38B00A017B5 /* fdr.h */ = {isa = PBXFileReference; fileEncoding = 4; lastKnownFileType = sourcecode.c.h; path = fdr.h; sourceTree = "<group>"; };
		B1F33F611E78D38B00A017B5 /* fls.c */ = {isa = PBXFileReference; fileEncoding = 4; lastKnownFileType = sourcecode.c.c; path = fls.c; sourceTree = "<group>"; };
		B1F33F621E78D38B00A017B5 /* fls.h */ = {isa = PBXFileReference; fileEncoding = 4; lastKnownFileType = sourcecode.c.h; path = fls.h; sourceTree = "<group>"; };
		B1F33F771E78D38B00A017B5 /* idevicerestore.c */ = {isa = PBXFileReference; fileEncoding = 4; lastKnownFileType = sourcecode.c.c; path = idevicerestore.c; sourceTree = "<group>"; };
		B1F33F781E78D38B00A017B5 /* idevicerestore.h */ = {isa = PBXFileReference; fileEncoding = 4; lastKnownFileType = sourcecode.c.h; path = idevicerestore.h; sourceTree = "<group>"; };
		B1F33F791E78D38B00A017B5 /* img3.c */ = {isa = PBXFileReference; fileEncoding = 4; lastKnownFileType = sourcecode.c.c; path = img3.c; sourceTree = "<group>"; };
		B1F33F7A1E78D38B00A017B5 /* img3.h */ = {isa = PBXFileReference; fileEncoding = 4; lastKnownFileType = sourcecode.c.h; path = img3.h; sourceTree = "<group>"; };
		B1F33F7B1E78D38B00A017B5 /* img4.c */ = {isa = PBXFileReference; fileEncoding = 4; lastKnownFileType = sourcecode.c.c; path = img4.c; sourceTree = "<group>"; };
		B1F33F7C1E78D38B00A017B5 /* img4.h */ = {isa = PBXFileReference; fileEncoding = 4; lastKnownFileType = sourcecode.c.h; path = img4.h; sourceTree = "<group>"; };
		B1F33F7D1E78D38B00A017B5 /* ipsw.c */ = {isa = PBXFileReference; fileEncoding = 4; lastKnownFileType = sourcecode.c.c; path = ipsw.c; sourceTree = "<group>"; };
		B1F33F7E1E78D38B00A017B5 /* ipsw.h */ = {isa = PBXFileReference; fileEncoding = 4; lastKnownFileType = sourcecode.c.h; path = ipsw.h; sourceTree = "<group>"; };
		B1F33F7F1E78D38B00A017B5 /* limera1n_payload.h */ = {isa = PBXFileReference; fileEncoding = 4; lastKnownFileType = sourcecode.c.h; path = limera1n_payload.h; sourceTree = "<group>"; };
		B1F33F801E78D38B00A017B5 /* limera1n.c */ = {isa = PBXFileReference; fileEncoding = 4; lastKnownFileType = sourcecode.c.c; path = limera1n.c; sourceTree = "<group>"; };
		B1F33F811E78D38B00A017B5 /* limera1n.h */ = {isa = PBXFileReference; fileEncoding = 4; lastKnownFileType = sourcecode.c.h; path = limera1n.h; sourceTree = "<group>"; };
		B1F33F821E78D38B00A017B5 /* locking.c */ = {isa = PBXFileReference; fileEncoding = 4; lastKnownFileType = sourcecode.c.c; path = locking.c; sourceTree = "<group>"; };
		B1F33F831E78D38B00A017B5 /* locking.h */ = {isa = PBXFileReference; fileEncoding = 4; lastKnownFileType = sourcecode.c.h; path = locking.h; sourceTree = "<group>"; };
		B1F33F851E78D38B00A017B5 /* Makefile.am */ = {isa = PBXFileReference; fileEncoding = 4; lastKnownFileType = text; path = Makefile.am; sourceTree = "<group>"; };
		B1F33F871E78D38B00A017B5 /* mbn.c */ = {isa = PBXFileReference; fileEncoding = 4; lastKnownFileType = sourcecode.c.c; path = mbn.c; sourceTree = "<group>"; };
		B1F33F881E78D38B00A017B5 /* mbn.h */ = {isa = PBXFileReference; fileEncoding = 4; lastKnownFileType = sourcecode.c.h; path = mbn.h; sourceTree = "<group>"; };
		B1F33F891E78D38B00A017B5 /* normal.c */ = {isa = PBXFileReference; fileEncoding = 4; lastKnownFileType = sourcecode.c.c; path = normal.c; sourceTree = "<group>"; };
		B1F33F8A1E78D38B00A017B5 /* normal.h */ = {isa = PBXFileReference; fileEncoding = 4; lastKnownFileType = sourcecode.c.h; path = normal.h; sourceTree = "<group>"; };
		B1F33F8B1E78D38B00A017B5 /* recovery.c */ = {isa = PBXFileReference; fileEncoding = 4; lastKnownFileType = sourcecode.c.c; path = recovery.c; sourceTree = "<group>"; };
		B1F33F8C1E78D38B00A017B5 /* recovery.h */ = {isa = PBXFileReference; fileEncoding = 4; lastKnownFileType = sourcecode.c.h; path = recovery.h; sourceTree = "<group>"; };
		B1F33F8D1E78D38B00A017B5 /* restore.c */ = {isa = PBXFileReference; fileEncoding = 4; lastKnownFileType = sourcecode.c.c; path = restore.c; sourceTree = "<group>"; };
		B1F33F8E1E78D38B00A017B5 /* restore.h */ = {isa = PBXFileReference; fileEncoding = 4; lastKnownFileType = sourcecode.c.h; path = restore.h; sourceTree = "<group>"; };
		B1F33F8F1E78D38B00A017B5 /* socket.c */ = {isa = PBXFileReference; fileEncoding = 4; lastKnownFileType = sourcecode.c.c; path = socket.c; sourceTree = "<group>"; };
		B1F33F901E78D38B00A017B5 /* socket.h */ = {isa = PBXFileReference; fileEncoding = 4; lastKnownFileType = sourcecode.c.h; path = socket.h; sourceTree = "<group>"; };
		B1F33F911E78D38B00A017B5 /* thread.c */ = {isa = PBXFileReference; fileEncoding = 4; lastKnownFileType = sourcecode.c.c; path = thread.c; sourceTree = "<group>"; };
		B1F33F921E78D38B00A017B5 /* thread.h */ = {isa = PBXFileReference; fileEncoding = 4; lastKnownFileType = sourcecode.c.h; path = thread.h; sourceTree = "<group>"; };
		B1F33F931E78D38B00A017B5 /* tss.c */ = {isa = PBXFileReference; fileEncoding = 4; lastKnownFileType = sourcecode.c.c; path = tss.c; sourceTree = "<group>"; };
		B1F33F941E78D38B00A017B5 /* tss.h */ = {isa = PBXFileReference; fileEncoding = 4; lastKnownFileType = sourcecode.c.h; path = tss.h; sourceTree = "<group>"; };
		B1F33FBD1E78D68A00A017B5 /* libirecovery.h */ = {isa = PBXFileReference; fileEncoding = 4; lastKnownFileType = sourcecode.c.h; path = libirecovery.h; sourceTree = "<group>"; };
		B1F33FC51E78DCC300A017B5 /* libzip.4.dylib */ = {isa = PBXFileReference; lastKnownFileType = "compiled.mach-o.dylib"; name = libzip.4.dylib; path = ../../../../usr/local/lib/libzip.4.dylib; sourceTree = "<group>"; };
		B1F33FC71E78DCD500A017B5 /* libssl.1.0.0.dylib */ = {isa = PBXFileReference; lastKnownFileType = "compiled.mach-o.dylib"; name = libssl.1.0.0.dylib; path = ../../../../usr/local/lib/libssl.1.0.0.dylib; sourceTree = "<group>"; };
		B1F33FC91E78DCDB00A017B5 /* libcrypto.1.0.0.dylib */ = {isa = PBXFileReference; lastKnownFileType = "compiled.mach-o.dylib"; name = libcrypto.1.0.0.dylib; path = ../../../../usr/local/lib/libcrypto.1.0.0.dylib; sourceTree = "<group>"; };
		B1F33FCD1E78DD4A00A017B5 /* libcurl.4.dylib */ = {isa = PBXFileReference; lastKnownFileType = "compiled.mach-o.dylib"; name = libcurl.4.dylib; path = ../../../../usr/lib/libcurl.4.dylib; sourceTree = "<group>"; };
		B1F33FCF1E78DDF300A017B5 /* libz.1.dylib */ = {isa = PBXFileReference; lastKnownFileType = "compiled.mach-o.dylib"; name = libz.1.dylib; path = ../../../../usr/lib/libz.1.dylib; sourceTree = "<group>"; };
		B1F8434B1E8F51CC00CEA8CF /* include */ = {isa = PBXFileReference; lastKnownFileType = folder; path = include; sourceTree = "<group>"; };
		FE593E3A1E93AA4D00121BD6 /* libcrypto.a */ = {isa = PBXFileReference; lastKnownFileType = archive.ar; name = libcrypto.a; path = ../../../../usr/local/lib/libcrypto.a; sourceTree = "<group>"; };
		FE593E3B1E93AA4D00121BD6 /* libssl.a */ = {isa = PBXFileReference; lastKnownFileType = archive.ar; name = libssl.a; path = ../../../../usr/local/lib/libssl.a; sourceTree = "<group>"; };
		FE9692271E938B6400E993B0 /* libimobiledevice.a */ = {isa = PBXFileReference; lastKnownFileType = archive.ar; name = libimobiledevice.a; path = ../../../../usr/local/lib/libimobiledevice.a; sourceTree = "<group>"; };
		FE9692281E938B6400E993B0 /* libirecovery.a */ = {isa = PBXFileReference; lastKnownFileType = archive.ar; name = libirecovery.a; path = ../../../../usr/local/lib/libirecovery.a; sourceTree = "<group>"; };
		FE9692291E938B6400E993B0 /* libplist.a */ = {isa = PBXFileReference; lastKnownFileType = archive.ar; name = libplist.a; path = ../../../../usr/local/lib/libplist.a; sourceTree = "<group>"; };
		FE96922A1E938B6400E993B0 /* libusbmuxd.a */ = {isa = PBXFileReference; lastKnownFileType = archive.ar; name = libusbmuxd.a; path = ../../../../usr/local/lib/libusbmuxd.a; sourceTree = "<group>"; };
		FE96922B1E938B6400E993B0 /* libzip.a */ = {isa = PBXFileReference; lastKnownFileType = archive.ar; name = libzip.a; path = ../../../../usr/local/lib/libzip.a; sourceTree = "<group>"; };
/* End PBXFileReference section */

/* Begin PBXFrameworksBuildPhase section */
		B1F33F461E78C93900A017B5 /* Frameworks */ = {
			isa = PBXFrameworksBuildPhase;
			buildActionMask = 2147483647;
			files = (
				7FA6B0491EB17B5700BD56CE /* libzip.a in Frameworks */,
				7F8F06C01EB14A4200CE47D2 /* libcurl.4.dylib in Frameworks */,
				FE593E321E93A45700121BD6 /* libimobiledevice.a in Frameworks */,
				FE593E331E93A45700121BD6 /* libirecovery.a in Frameworks */,
				FE593E341E93A45700121BD6 /* libplist.a in Frameworks */,
				FE593E3C1E93AA4D00121BD6 /* libcrypto.a in Frameworks */,
				FE593E3D1E93AA4D00121BD6 /* libssl.a in Frameworks */,
				7FA6B04D1EB17C5200BD56CE /* CoreFoundation.framework in Frameworks */,
				FE593E361E93A45700121BD6 /* libusbmuxd.a in Frameworks */,
				7F8F06BF1EB14A3E00CE47D2 /* libz.1.dylib in Frameworks */,
				7FA6B04B1EB17BF800BD56CE /* IOKit.framework in Frameworks */,
			);
			runOnlyForDeploymentPostprocessing = 0;
		};
/* End PBXFrameworksBuildPhase section */

/* Begin PBXGroup section */
		B1F33F401E78C93900A017B5 = {
			isa = PBXGroup;
			children = (
				B1F33F4B1E78C93900A017B5 /* src */,
				B1F33F4A1E78C93900A017B5 /* Products */,
				B1F33FC21E78DA0F00A017B5 /* Frameworks */,
			);
			sourceTree = "<group>";
		};
		B1F33F4A1E78C93900A017B5 /* Products */ = {
			isa = PBXGroup;
			children = (
				B1F33F491E78C93900A017B5 /* idevicererestore */,
			);
			name = Products;
			sourceTree = "<group>";
		};
		B1F33F4B1E78C93900A017B5 /* src */ = {
			isa = PBXGroup;
			children = (
				B1F33F561E78D38B00A017B5 /* asr.c */,
				B1F33F571E78D38B00A017B5 /* asr.h */,
				B1F33F581E78D38B00A017B5 /* common.c */,
				B1F33F591E78D38B00A017B5 /* common.h */,
				B1F33F5A1E78D38B00A017B5 /* dfu.c */,
				B1F33F5B1E78D38B00A017B5 /* dfu.h */,
				B1F33F5C1E78D38B00A017B5 /* download.c */,
				B1F33F5D1E78D38B00A017B5 /* download.h */,
				B1F33F5E1E78D38B00A017B5 /* endianness.h */,
				B1F33F5F1E78D38B00A017B5 /* fdr.c */,
				B1F33F601E78D38B00A017B5 /* fdr.h */,
				B1F33F611E78D38B00A017B5 /* fls.c */,
				B1F33F621E78D38B00A017B5 /* fls.h */,
				B1F33F771E78D38B00A017B5 /* idevicerestore.c */,
				B1F33F781E78D38B00A017B5 /* idevicerestore.h */,
				B1F33F791E78D38B00A017B5 /* img3.c */,
				B1F33F7A1E78D38B00A017B5 /* img3.h */,
				B1F33F7B1E78D38B00A017B5 /* img4.c */,
				B1F33F7C1E78D38B00A017B5 /* img4.h */,
				B1F8434B1E8F51CC00CEA8CF /* include */,
				B1F33F7D1E78D38B00A017B5 /* ipsw.c */,
				B1F33F7E1E78D38B00A017B5 /* ipsw.h */,
				B1F33FBD1E78D68A00A017B5 /* libirecovery.h */,
				B1F33F7F1E78D38B00A017B5 /* limera1n_payload.h */,
				B1F33F801E78D38B00A017B5 /* limera1n.c */,
				B1F33F811E78D38B00A017B5 /* limera1n.h */,
				B1F33F821E78D38B00A017B5 /* locking.c */,
				B1F33F831E78D38B00A017B5 /* locking.h */,
				B1F33F851E78D38B00A017B5 /* Makefile.am */,
				B1F33F871E78D38B00A017B5 /* mbn.c */,
				B1F33F881E78D38B00A017B5 /* mbn.h */,
				B1F33F891E78D38B00A017B5 /* normal.c */,
				B1F33F8A1E78D38B00A017B5 /* normal.h */,
				7FA6B04E1EB17DEC00BD56CE /* partial.c */,
				7FA6B04F1EB17DEC00BD56CE /* pzip.c */,
				7FA6B0521EB17E6B00BD56CE /* pzip.h */,
				B1F33F8B1E78D38B00A017B5 /* recovery.c */,
				B1F33F8C1E78D38B00A017B5 /* recovery.h */,
				B1F33F8D1E78D38B00A017B5 /* restore.c */,
				B1F33F8E1E78D38B00A017B5 /* restore.h */,
				B1F33F8F1E78D38B00A017B5 /* socket.c */,
				B1F33F901E78D38B00A017B5 /* socket.h */,
				B1F33F911E78D38B00A017B5 /* thread.c */,
				B1F33F921E78D38B00A017B5 /* thread.h */,
				B1F33F931E78D38B00A017B5 /* tss.c */,
				B1F33F941E78D38B00A017B5 /* tss.h */,
				7F88E7D61EAE693A00C4AA52 /* zip.h */,
				7F88E7D71EAE693A00C4AA52 /* zipconf.h */,
			);
			path = src;
			sourceTree = "<group>";
		};
		B1F33FC21E78DA0F00A017B5 /* Frameworks */ = {
			isa = PBXGroup;
			children = (
				7FA6B04A1EB17BF800BD56CE /* IOKit.framework */,
				FE593E3A1E93AA4D00121BD6 /* libcrypto.a */,
				FE593E3B1E93AA4D00121BD6 /* libssl.a */,
				FE9692271E938B6400E993B0 /* libimobiledevice.a */,
				FE9692281E938B6400E993B0 /* libirecovery.a */,
				FE9692291E938B6400E993B0 /* libplist.a */,
				FE96922A1E938B6400E993B0 /* libusbmuxd.a */,
				FE96922B1E938B6400E993B0 /* libzip.a */,
				7FA6B04C1EB17C5200BD56CE /* CoreFoundation.framework */,
				B1F33FCD1E78DD4A00A017B5 /* libcurl.4.dylib */,
				B1F33FCF1E78DDF300A017B5 /* libz.1.dylib */,
				B1F33FC91E78DCDB00A017B5 /* libcrypto.1.0.0.dylib */,
				B1F33FC71E78DCD500A017B5 /* libssl.1.0.0.dylib */,
				7FE92FDB1EB171C800032202 /* libimobiledevice.dylib */,
				7FE92FDC1EB1722300032202 /* libirecovery.dylib */,
				7FE92FDA1EB1718900032202 /* libplist.dylib */,
				7FE92FD91EB1714E00032202 /* libusbmuxd.dylib */,
				B1F33FC51E78DCC300A017B5 /* libzip.4.dylib */,
			);
			name = Frameworks;
			sourceTree = "<group>";
		};
/* End PBXGroup section */

/* Begin PBXNativeTarget section */
		B1F33F481E78C93900A017B5 /* idevicererestore */ = {
			isa = PBXNativeTarget;
			buildConfigurationList = B1F33F501E78C93900A017B5 /* Build configuration list for PBXNativeTarget "idevicererestore" */;
			buildPhases = (
				B1F33F451E78C93900A017B5 /* Sources */,
				B1F33F461E78C93900A017B5 /* Frameworks */,
				B1F33F471E78C93900A017B5 /* CopyFiles */,
			);
			buildRules = (
			);
			dependencies = (
			);
			name = idevicererestore;
			productName = idevicererestore;
			productReference = B1F33F491E78C93900A017B5 /* idevicererestore */;
			productType = "com.apple.product-type.tool";
		};
/* End PBXNativeTarget section */

/* Begin PBXProject section */
		B1F33F411E78C93900A017B5 /* Project object */ = {
			isa = PBXProject;
			attributes = {
				LastUpgradeCheck = 0720;
			};
			buildConfigurationList = B1F33F441E78C93900A017B5 /* Build configuration list for PBXProject "idevicererestore" */;
			compatibilityVersion = "Xcode 3.2";
			developmentRegion = English;
			hasScannedForEncodings = 0;
			knownRegions = (
				en,
			);
			mainGroup = B1F33F401E78C93900A017B5;
			productRefGroup = B1F33F4A1E78C93900A017B5 /* Products */;
			projectDirPath = "";
			projectRoot = "";
			targets = (
				B1F33F481E78C93900A017B5 /* idevicererestore */,
			);
		};
/* End PBXProject section */

/* Begin PBXSourcesBuildPhase section */
		B1F33F451E78C93900A017B5 /* Sources */ = {
			isa = PBXSourcesBuildPhase;
			buildActionMask = 2147483647;
			files = (
				B1F33FB11E78D38B00A017B5 /* ipsw.c in Sources */,
				B1F33FB31E78D38B00A017B5 /* locking.c in Sources */,
				B1F33FB91E78D38B00A017B5 /* socket.c in Sources */,
				B1F33F971E78D38B00A017B5 /* dfu.c in Sources */,
				B1F33FBA1E78D38B00A017B5 /* thread.c in Sources */,
				B1F33F961E78D38B00A017B5 /* common.c in Sources */,
				B1F33F991E78D38B00A017B5 /* fdr.c in Sources */,
				7FA6B0511EB17DEC00BD56CE /* pzip.c in Sources */,
				B1F33F9A1E78D38B00A017B5 /* fls.c in Sources */,
				B1F33FB61E78D38B00A017B5 /* normal.c in Sources */,
				B1F33F951E78D38B00A017B5 /* asr.c in Sources */,
				B1F33FAE1E78D38B00A017B5 /* idevicerestore.c in Sources */,
				B1F33FB21E78D38B00A017B5 /* limera1n.c in Sources */,
				B1F33FB81E78D38B00A017B5 /* restore.c in Sources */,
				B1F33FB71E78D38B00A017B5 /* recovery.c in Sources */,
				B1F33FB51E78D38B00A017B5 /* mbn.c in Sources */,
				B1F33FB01E78D38B00A017B5 /* img4.c in Sources */,
				B1F33FBB1E78D38B00A017B5 /* tss.c in Sources */,
				B1F33F981E78D38B00A017B5 /* download.c in Sources */,
				B1F33FAF1E78D38B00A017B5 /* img3.c in Sources */,
				7FA6B0501EB17DEC00BD56CE /* partial.c in Sources */,
			);
			runOnlyForDeploymentPostprocessing = 0;
		};
/* End PBXSourcesBuildPhase section */

/* Begin XCBuildConfiguration section */
		B1F33F4E1E78C93900A017B5 /* Debug */ = {
			isa = XCBuildConfiguration;
			buildSettings = {
				ALWAYS_SEARCH_USER_PATHS = NO;
				CLANG_ANALYZER_NONNULL = YES;
				CLANG_CXX_LANGUAGE_STANDARD = "gnu++0x";
				CLANG_CXX_LIBRARY = "libc++";
				CLANG_ENABLE_MODULES = YES;
				CLANG_ENABLE_OBJC_ARC = YES;
				CLANG_WARN_BOOL_CONVERSION = YES;
				CLANG_WARN_CONSTANT_CONVERSION = YES;
				CLANG_WARN_DIRECT_OBJC_ISA_USAGE = YES_ERROR;
				CLANG_WARN_DOCUMENTATION_COMMENTS = YES;
				CLANG_WARN_EMPTY_BODY = YES;
				CLANG_WARN_ENUM_CONVERSION = YES;
				CLANG_WARN_INFINITE_RECURSION = YES;
				CLANG_WARN_INT_CONVERSION = YES;
				CLANG_WARN_OBJC_ROOT_CLASS = YES_ERROR;
				CLANG_WARN_SUSPICIOUS_MOVE = YES;
				CLANG_WARN_UNREACHABLE_CODE = YES;
				CLANG_WARN__DUPLICATE_METHOD_MATCH = YES;
				CODE_SIGN_IDENTITY = "-";
				COPY_PHASE_STRIP = NO;
				DEBUG_INFORMATION_FORMAT = dwarf;
				ENABLE_STRICT_OBJC_MSGSEND = YES;
				ENABLE_TESTABILITY = YES;
				GCC_C_LANGUAGE_STANDARD = gnu99;
				GCC_DYNAMIC_NO_PIC = NO;
				GCC_NO_COMMON_BLOCKS = YES;
				GCC_OPTIMIZATION_LEVEL = 0;
				GCC_PREPROCESSOR_DEFINITIONS = (
					"DEBUG=1",
					"$(inherited)",
				);
				GCC_WARN_64_TO_32_BIT_CONVERSION = YES;
				GCC_WARN_ABOUT_RETURN_TYPE = YES_ERROR;
				GCC_WARN_UNDECLARED_SELECTOR = YES;
				GCC_WARN_UNINITIALIZED_AUTOS = YES_AGGRESSIVE;
				GCC_WARN_UNUSED_FUNCTION = YES;
				GCC_WARN_UNUSED_VARIABLE = YES;
				MACOSX_DEPLOYMENT_TARGET = 10.11;
				MTL_ENABLE_DEBUG_INFO = YES;
				ONLY_ACTIVE_ARCH = YES;
				SDKROOT = macosx;
			};
			name = Debug;
		};
		B1F33F4F1E78C93900A017B5 /* Release */ = {
			isa = XCBuildConfiguration;
			buildSettings = {
				ALWAYS_SEARCH_USER_PATHS = NO;
				CLANG_ANALYZER_NONNULL = YES;
				CLANG_CXX_LANGUAGE_STANDARD = "gnu++0x";
				CLANG_CXX_LIBRARY = "libc++";
				CLANG_ENABLE_MODULES = YES;
				CLANG_ENABLE_OBJC_ARC = YES;
				CLANG_WARN_BOOL_CONVERSION = YES;
				CLANG_WARN_CONSTANT_CONVERSION = YES;
				CLANG_WARN_DIRECT_OBJC_ISA_USAGE = YES_ERROR;
				CLANG_WARN_DOCUMENTATION_COMMENTS = YES;
				CLANG_WARN_EMPTY_BODY = YES;
				CLANG_WARN_ENUM_CONVERSION = YES;
				CLANG_WARN_INFINITE_RECURSION = YES;
				CLANG_WARN_INT_CONVERSION = YES;
				CLANG_WARN_OBJC_ROOT_CLASS = YES_ERROR;
				CLANG_WARN_SUSPICIOUS_MOVE = YES;
				CLANG_WARN_UNREACHABLE_CODE = YES;
				CLANG_WARN__DUPLICATE_METHOD_MATCH = YES;
				CODE_SIGN_IDENTITY = "-";
				COPY_PHASE_STRIP = NO;
				DEBUG_INFORMATION_FORMAT = "dwarf-with-dsym";
				ENABLE_NS_ASSERTIONS = NO;
				ENABLE_STRICT_OBJC_MSGSEND = YES;
				GCC_C_LANGUAGE_STANDARD = gnu99;
				GCC_NO_COMMON_BLOCKS = YES;
				GCC_WARN_64_TO_32_BIT_CONVERSION = YES;
				GCC_WARN_ABOUT_RETURN_TYPE = YES_ERROR;
				GCC_WARN_UNDECLARED_SELECTOR = YES;
				GCC_WARN_UNINITIALIZED_AUTOS = YES_AGGRESSIVE;
				GCC_WARN_UNUSED_FUNCTION = YES;
				GCC_WARN_UNUSED_VARIABLE = YES;
				MACOSX_DEPLOYMENT_TARGET = 10.11;
				MTL_ENABLE_DEBUG_INFO = NO;
				SDKROOT = macosx;
			};
			name = Release;
		};
		B1F33F511E78C93900A017B5 /* Debug */ = {
			isa = XCBuildConfiguration;
			buildSettings = {
				CLANG_ANALYZER_MEMORY_MANAGEMENT = NO;
				CLANG_CXX_LIBRARY = "libc++";
				CLANG_LINK_OBJC_RUNTIME = YES;
				CODE_SIGN_IDENTITY = "";
				DEVELOPMENT_TEAM = "";
				ENABLE_TESTABILITY = NO;
				GCC_ENABLE_BUILTIN_FUNCTIONS = YES;
				GCC_STRICT_ALIASING = YES;
				GENERATE_MASTER_OBJECT_FILE = NO;
				HEADER_SEARCH_PATHS = /usr/local/include/;
				LD_NO_PIE = NO;
				LIBRARY_SEARCH_PATHS = /usr/local/lib/;
				MACOSX_DEPLOYMENT_TARGET = 10.10;
				MTL_ENABLE_DEBUG_INFO = NO;
				ONLY_ACTIVE_ARCH = NO;
				PRODUCT_NAME = "$(TARGET_NAME)";
				SDKROOT = macosx;
			};
			name = Debug;
		};
		B1F33F521E78C93900A017B5 /* Release */ = {
			isa = XCBuildConfiguration;
			buildSettings = {
				CLANG_ANALYZER_MEMORY_MANAGEMENT = NO;
				CLANG_CXX_LIBRARY = "libc++";
				CLANG_LINK_OBJC_RUNTIME = YES;
				CODE_SIGN_IDENTITY = "";
				DEVELOPMENT_TEAM = "";
				GCC_ENABLE_BUILTIN_FUNCTIONS = YES;
				GCC_STRICT_ALIASING = YES;
				GENERATE_MASTER_OBJECT_FILE = NO;
				HEADER_SEARCH_PATHS = /usr/local/include/;
				LD_NO_PIE = NO;
				LIBRARY_SEARCH_PATHS = /usr/local/lib/;
				MACOSX_DEPLOYMENT_TARGET = 10.10;
				ONLY_ACTIVE_ARCH = NO;
				PRODUCT_NAME = "$(TARGET_NAME)";
				SDKROOT = macosx;
			};
			name = Release;
		};
/* End XCBuildConfiguration section */

/* Begin XCConfigurationList section */
		B1F33F441E78C93900A017B5 /* Build configuration list for PBXProject "idevicererestore" */ = {
			isa = XCConfigurationList;
			buildConfigurations = (
				B1F33F4E1E78C93900A017B5 /* Debug */,
				B1F33F4F1E78C93900A017B5 /* Release */,
			);
			defaultConfigurationIsVisible = 0;
			defaultConfigurationName = Release;
		};
		B1F33F501E78C93900A017B5 /* Build configuration list for PBXNativeTarget "idevicererestore" */ = {
			isa = XCConfigurationList;
			buildConfigurations = (
				B1F33F511E78C93900A017B5 /* Debug */,
				B1F33F521E78C93900A017B5 /* Release */,
			);
			defaultConfigurationIsVisible = 0;
			defaultConfigurationName = Release;
		};
/* End XCConfigurationList section */
	};
	rootObject = B1F33F411E78C93900A017B5 /* Project object */;
}
